{
  "version": 1,
  "dependencies": {
    ".NETFramework,Version=v2.0": {
      "Microsoft.NETFramework.ReferenceAssemblies": {
        "type": "Direct",
        "requested": "[1.0.3, )",
        "resolved": "1.0.3",
        "contentHash": "vUc9Npcs14QsyOD01tnv/m8sQUnGTGOw1BCmKcv77LBJY7OxhJ+zJF7UD/sCL3lYNFuqmQEVlkfS4Quif6FyYg==",
        "dependencies": {
          "Microsoft.NETFramework.ReferenceAssemblies.net20": "1.0.3"
        }
      },
      "WixToolset.Dtf.CustomAction": {
        "type": "Direct",
        "requested": "[5.0.2, )",
        "resolved": "5.0.2",
        "contentHash": "F+BlC2/ND/wYFXuDdBHT3Mnr47Zi70t6ukqx3s/Sh6RGG2nf6SKZcMNnEINreedTsCkxdcUDxU4WJrl1krc0EA==",
        "dependencies": {
          "WixToolset.Dtf.WindowsInstaller": "5.0.2"
        }
      },
      "Microsoft.NETFramework.ReferenceAssemblies.net20": {
        "type": "Transitive",
        "resolved": "1.0.3",
        "contentHash": "mvyTeaG1dVyCx24hjVnqk1YvR4fwS1fHxt1tdnzWMGCHc09mvNVGF+8VAobWSDi+iDz6fgJ7jE5d/mWap4PYoA=="
      },
      "WixToolset.Dtf.WindowsInstaller": {
        "type": "Transitive",
        "resolved": "5.0.2",
        "contentHash": "kERpD6nv0DWxNy8KuI4ezBEeWeCRxYbsSB+Qcr5YGYw3vER5LVqR3n38o3TjO37o7eokTVuZoFtuVarEj6k4Wg=="
      }
    }
  }
}